
Microsoft Visual Studio Solution File, Format Version 12.00
# Visual Studio Version 16
VisualStudioVersion = 16.0.32002.261
MinimumVisualStudioVersion = 10.0.40219.1
Project("{FAE04EC0-301F-11D3-BF4B-00C04F79EFBC}") = "ConsoleLab14_1", "ConsoleLab14_1\ConsoleLab14_1.csproj", "{AE7D1D5D-5567-400D-9AD9-A1C356AB1377}"
EndProject
Global
	GlobalSection(SolutionConfigurationPlatforms) = preSolution
		Debug|Any CPU = Debug|Any CPU
		Release|Any CPU = Release|Any CPU
	EndGlobalSection
	GlobalSection(ProjectConfigurationPlatforms) = postSolution
		{AE7D1D5D-5567-400D-9AD9-A1C356AB1377}.Debug|Any CPU.ActiveCfg = Debug|Any CPU
		{AE7D1D5D-5567-400D-9AD9-A1C356AB1377}.Debug|Any CPU.Build.0 = Debug|Any CPU
		{AE7D1D5D-5567-400D-9AD9-A1C356AB1377}.Release|Any CPU.ActiveCfg = Release|Any CPU
		{AE7D1D5D-5567-400D-9AD9-A1C356AB1377}.Release|Any CPU.Build.0 = Release|Any CPU
	EndGlobalSection
	GlobalSection(SolutionProperties) = preSolution
		HideSolutionNode = FALSE
	EndGlobalSection
	GlobalSection(ExtensibilityGlobals) = postSolution
		SolutionGuid = {56A30BE0-5BED-454C-9F64-1CD10DA3D957}
	EndGlobalSection
EndGlobal
